
Microsoft Visual Studio Solution File, Format Version 12.00
# Visual Studio 15
VisualStudioVersion = 15.0.28307.572
MinimumVisualStudioVersion = 10.0.40219.1
Project("{FAE04EC0-301F-11D3-BF4B-00C04F79EFBC}") = "FundooApplication.Android", "FundooApplication\FundooApplication.Android\FundooApplication.Android.csproj", "{E7FC98AB-4D3D-4AE3-AF7A-B34DF22FBFFE}"
EndProject
Project("{FAE04EC0-301F-11D3-BF4B-00C04F79EFBC}") = "FundooApplication.iOS", "FundooApplication\FundooApplication.iOS\FundooApplication.iOS.csproj", "{0BFF52C9-A17B-4C80-80FB-6BC21475D7CC}"
EndProject
Project("{FAE04EC0-301F-11D3-BF4B-00C04F79EFBC}") = "FundooApplication", "FundooApplication\FundooApplication\FundooApplication.csproj", "{4CDE690F-1D7B-4015-B10F-4BA9D3028648}"
EndProject
Global
	GlobalSection(SolutionConfigurationPlatforms) = preSolution
		Ad-Hoc|Any CPU = Ad-Hoc|Any CPU
		Ad-Hoc|iPhone = Ad-Hoc|iPhone
		Ad-Hoc|iPhoneSimulator = Ad-Hoc|iPhoneSimulator
		AppStore|Any CPU = AppStore|Any CPU
		AppStore|iPhone = AppStore|iPhone
		AppStore|iPhoneSimulator = AppStore|iPhoneSimulator
		Debug|Any CPU = Debug|Any CPU
		Debug|iPhone = Debug|iPhone
		Debug|iPhoneSimulator = Debug|iPhoneSimulator
		Release|Any CPU = Release|Any CPU
		Release|iPhone = Release|iPhone
		Release|iPhoneSimulator = Release|iPhoneSimulator
	EndGlobalSection
	GlobalSection(ProjectConfigurationPlatforms) = postSolution
		{E7FC98AB-4D3D-4AE3-AF7A-B34DF22FBFFE}.Ad-Hoc|Any CPU.ActiveCfg = Release|Any CPU
		{E7FC98AB-4D3D-4AE3-AF7A-B34DF22FBFFE}.Ad-Hoc|Any CPU.Build.0 = Release|Any CPU
		{E7FC98AB-4D3D-4AE3-AF7A-B34DF22FBFFE}.Ad-Hoc|Any CPU.Deploy.0 = Release|Any CPU
		{E7FC98AB-4D3D-4AE3-AF7A-B34DF22FBFFE}.Ad-Hoc|iPhone.ActiveCfg = Release|Any CPU
		{E7FC98AB-4D3D-4AE3-AF7A-B34DF22FBFFE}.Ad-Hoc|iPhone.Build.0 = Release|Any CPU
		{E7FC98AB-4D3D-4AE3-AF7A-B34DF22FBFFE}.Ad-Hoc|iPhone.Deploy.0 = Release|Any CPU
		{E7FC98AB-4D3D-4AE3-AF7A-B34DF22FBFFE}.Ad-Hoc|iPhoneSimulator.ActiveCfg = Release|Any CPU
		{E7FC98AB-4D3D-4AE3-AF7A-B34DF22FBFFE}.Ad-Hoc|iPhoneSimulator.Build.0 = Release|Any CPU
		{E7FC98AB-4D3D-4AE3-AF7A-B34DF22FBFFE}.Ad-Hoc|iPhoneSimulator.Deploy.0 = Release|Any CPU
		{E7FC98AB-4D3D-4AE3-AF7A-B34DF22FBFFE}.AppStore|Any CPU.ActiveCfg = Release|Any CPU
		{E7FC98AB-4D3D-4AE3-AF7A-B34DF22FBFFE}.AppStore|Any CPU.Build.0 = Release|Any CPU
		{E7FC98AB-4D3D-4AE3-AF7A-B34DF22FBFFE}.AppStore|Any CPU.Deploy.0 = Release|Any CPU
		{E7FC98AB-4D3D-4AE3-AF7A-B34DF22FBFFE}.AppStore|iPhone.ActiveCfg = Release|Any CPU
		{E7FC98AB-4D3D-4AE3-AF7A-B34DF22FBFFE}.AppStore|iPhone.Build.0 = Release|Any CPU
		{E7FC98AB-4D3D-4AE3-AF7A-B34DF22FBFFE}.AppStore|iPhone.Deploy.0 = Release|Any CPU
		{E7FC98AB-4D3D-4AE3-AF7A-B34DF22FBFFE}.AppStore|iPhoneSimulator.ActiveCfg = Release|Any CPU
		{E7FC98AB-4D3D-4AE3-AF7A-B34DF22FBFFE}.AppStore|iPhoneSimulator.Build.0 = Release|Any CPU
		{E7FC98AB-4D3D-4AE3-AF7A-B34DF22FBFFE}.AppStore|iPhoneSimulator.Deploy.0 = Release|Any CPU
		{E7FC98AB-4D3D-4AE3-AF7A-B34DF22FBFFE}.Debug|Any CPU.ActiveCfg = Debug|Any CPU
		{E7FC98AB-4D3D-4AE3-AF7A-B34DF22FBFFE}.Debug|Any CPU.Build.0 = Debug|Any CPU
		{E7FC98AB-4D3D-4AE3-AF7A-B34DF22FBFFE}.Debug|Any CPU.Deploy.0 = Debug|Any CPU
		{E7FC98AB-4D3D-4AE3-AF7A-B34DF22FBFFE}.Debug|iPhone.ActiveCfg = Debug|Any CPU
		{E7FC98AB-4D3D-4AE3-AF7A-B34DF22FBFFE}.Debug|iPhone.Build.0 = Debug|Any CPU
		{E7FC98AB-4D3D-4AE3-AF7A-B34DF22FBFFE}.Debug|iPhone.Deploy.0 = Debug|Any CPU
		{E7FC98AB-4D3D-4AE3-AF7A-B34DF22FBFFE}.Debug|iPhoneSimulator.ActiveCfg = Debug|Any CPU
		{E7FC98AB-4D3D-4AE3-AF7A-B34DF22FBFFE}.Debug|iPhoneSimulator.Build.0 = Debug|Any CPU
		{E7FC98AB-4D3D-4AE3-AF7A-B34DF22FBFFE}.Debug|iPhoneSimulator.Deploy.0 = Debug|Any CPU
		{E7FC98AB-4D3D-4AE3-AF7A-B34DF22FBFFE}.Release|Any CPU.ActiveCfg = Release|Any CPU
		{E7FC98AB-4D3D-4AE3-AF7A-B34DF22FBFFE}.Release|Any CPU.Build.0 = Release|Any CPU
		{E7FC98AB-4D3D-4AE3-AF7A-B34DF22FBFFE}.Release|Any CPU.Deploy.0 = Release|Any CPU
		{E7FC98AB-4D3D-4AE3-AF7A-B34DF22FBFFE}.Release|iPhone.ActiveCfg = Release|Any CPU
		{E7FC98AB-4D3D-4AE3-AF7A-B34DF22FBFFE}.Release|iPhone.Build.0 = Release|Any CPU
		{E7FC98AB-4D3D-4AE3-AF7A-B34DF22FBFFE}.Release|iPhone.Deploy.0 = Release|Any CPU
		{E7FC98AB-4D3D-4AE3-AF7A-B34DF22FBFFE}.Release|iPhoneSimulator.ActiveCfg = Release|Any CPU
		{E7FC98AB-4D3D-4AE3-AF7A-B34DF22FBFFE}.Release|iPhoneSimulator.Build.0 = Release|Any CPU
		{E7FC98AB-4D3D-4AE3-AF7A-B34DF22FBFFE}.Release|iPhoneSimulator.Deploy.0 = Release|Any CPU
		{0BFF52C9-A17B-4C80-80FB-6BC21475D7CC}.Ad-Hoc|Any CPU.ActiveCfg = Ad-Hoc|iPhone
		{0BFF52C9-A17B-4C80-80FB-6BC21475D7CC}.Ad-Hoc|Any CPU.Build.0 = Ad-Hoc|iPhone
		{0BFF52C9-A17B-4C80-80FB-6BC21475D7CC}.Ad-Hoc|Any CPU.Deploy.0 = Ad-Hoc|iPhone
		{0BFF52C9-A17B-4C80-80FB-6BC21475D7CC}.Ad-Hoc|iPhone.ActiveCfg = Ad-Hoc|iPhone
		{0BFF52C9-A17B-4C80-80FB-6BC21475D7CC}.Ad-Hoc|iPhone.Build.0 = Ad-Hoc|iPhone
		{0BFF52C9-A17B-4C80-80FB-6BC21475D7CC}.Ad-Hoc|iPhone.Deploy.0 = Ad-Hoc|iPhone
		{0BFF52C9-A17B-4C80-80FB-6BC21475D7CC}.Ad-Hoc|iPhoneSimulator.ActiveCfg = Ad-Hoc|iPhoneSimulator
		{0BFF52C9-A17B-4C80-80FB-6BC21475D7CC}.Ad-Hoc|iPhoneSimulator.Build.0 = Ad-Hoc|iPhoneSimulator
		{0BFF52C9-A17B-4C80-80FB-6BC21475D7CC}.Ad-Hoc|iPhoneSimulator.Deploy.0 = Ad-Hoc|iPhoneSimulator
		{0BFF52C9-A17B-4C80-80FB-6BC21475D7CC}.AppStore|Any CPU.ActiveCfg = AppStore|iPhone
		{0BFF52C9-A17B-4C80-80FB-6BC21475D7CC}.AppStore|Any CPU.Build.0 = AppStore|iPhone
		{0BFF52C9-A17B-4C80-80FB-6BC21475D7CC}.AppStore|Any CPU.Deploy.0 = AppStore|iPhone
		{0BFF52C9-A17B-4C80-80FB-6BC21475D7CC}.AppStore|iPhone.ActiveCfg = AppStore|iPhone
		{0BFF52C9-A17B-4C80-80FB-6BC21475D7CC}.AppStore|iPhone.Build.0 = AppStore|iPhone
		{0BFF52C9-A17B-4C80-80FB-6BC21475D7CC}.AppStore|iPhone.Deploy.0 = AppStore|iPhone
		{0BFF52C9-A17B-4C80-80FB-6BC21475D7CC}.AppStore|iPhoneSimulator.ActiveCfg = AppStore|iPhoneSimulator
		{0BFF52C9-A17B-4C80-80FB-6BC21475D7CC}.AppStore|iPhoneSimulator.Build.0 = AppStore|iPhoneSimulator
		{0BFF52C9-A17B-4C80-80FB-6BC21475D7CC}.AppStore|iPhoneSimulator.Deploy.0 = AppStore|iPhoneSimulator
		{0BFF52C9-A17B-4C80-80FB-6BC21475D7CC}.Debug|Any CPU.ActiveCfg = Debug|iPhoneSimulator
		{0BFF52C9-A17B-4C80-80FB-6BC21475D7CC}.Debug|Any CPU.Build.0 = Debug|iPhoneSimulator
		{0BFF52C9-A17B-4C80-80FB-6BC21475D7CC}.Debug|Any CPU.Deploy.0 = Debug|iPhoneSimulator
		{0BFF52C9-A17B-4C80-80FB-6BC21475D7CC}.Debug|iPhone.ActiveCfg = Debug|iPhone
		{0BFF52C9-A17B-4C80-80FB-6BC21475D7CC}.Debug|iPhone.Build.0 = Debug|iPhone
		{0BFF52C9-A17B-4C80-80FB-6BC21475D7CC}.Debug|iPhone.Deploy.0 = Debug|iPhone
		{0BFF52C9-A17B-4C80-80FB-6BC21475D7CC}.Debug|iPhoneSimulator.ActiveCfg = Debug|iPhoneSimulator
		{0BFF52C9-A17B-4C80-80FB-6BC21475D7CC}.Debug|iPhoneSimulator.Build.0 = Debug|iPhoneSimulator
		{0BFF52C9-A17B-4C80-80FB-6BC21475D7CC}.Debug|iPhoneSimulator.Deploy.0 = Debug|iPhoneSimulator
		{0BFF52C9-A17B-4C80-80FB-6BC21475D7CC}.Release|Any CPU.ActiveCfg = Release|iPhone
		{0BFF52C9-A17B-4C80-80FB-6BC21475D7CC}.Release|Any CPU.Build.0 = Release|iPhone
		{0BFF52C9-A17B-4C80-80FB-6BC21475D7CC}.Release|Any CPU.Deploy.0 = Release|iPhone
		{0BFF52C9-A17B-4C80-80FB-6BC21475D7CC}.Release|iPhone.ActiveCfg = Release|iPhone
		{0BFF52C9-A17B-4C80-80FB-6BC21475D7CC}.Release|iPhone.Build.0 = Release|iPhone
		{0BFF52C9-A17B-4C80-80FB-6BC21475D7CC}.Release|iPhone.Deploy.0 = Release|iPhone
		{0BFF52C9-A17B-4C80-80FB-6BC21475D7CC}.Release|iPhoneSimulator.ActiveCfg = Release|iPhoneSimulator
		{0BFF52C9-A17B-4C80-80FB-6BC21475D7CC}.Release|iPhoneSimulator.Build.0 = Release|iPhoneSimulator
		{0BFF52C9-A17B-4C80-80FB-6BC21475D7CC}.Release|iPhoneSimulator.Deploy.0 = Release|iPhoneSimulator
		{4CDE690F-1D7B-4015-B10F-4BA9D3028648}.Ad-Hoc|Any CPU.ActiveCfg = Debug|Any CPU
		{4CDE690F-1D7B-4015-B10F-4BA9D3028648}.Ad-Hoc|Any CPU.Build.0 = Debug|Any CPU
		{4CDE690F-1D7B-4015-B10F-4BA9D3028648}.Ad-Hoc|Any CPU.Deploy.0 = Debug|Any CPU
		{4CDE690F-1D7B-4015-B10F-4BA9D3028648}.Ad-Hoc|iPhone.ActiveCfg = Debug|Any CPU
		{4CDE690F-1D7B-4015-B10F-4BA9D3028648}.Ad-Hoc|iPhone.Build.0 = Debug|Any CPU
		{4CDE690F-1D7B-4015-B10F-4BA9D3028648}.Ad-Hoc|iPhone.Deploy.0 = Debug|Any CPU
		{4CDE690F-1D7B-4015-B10F-4BA9D3028648}.Ad-Hoc|iPhoneSimulator.ActiveCfg = Debug|Any CPU
		{4CDE690F-1D7B-4015-B10F-4BA9D3028648}.Ad-Hoc|iPhoneSimulator.Build.0 = Debug|Any CPU
		{4CDE690F-1D7B-4015-B10F-4BA9D3028648}.Ad-Hoc|iPhoneSimulator.Deploy.0 = Debug|Any CPU
		{4CDE690F-1D7B-4015-B10F-4BA9D3028648}.AppStore|Any CPU.ActiveCfg = Debug|Any CPU
		{4CDE690F-1D7B-4015-B10F-4BA9D3028648}.AppStore|Any CPU.Build.0 = Debug|Any CPU
		{4CDE690F-1D7B-4015-B10F-4BA9D3028648}.AppStore|Any CPU.Deploy.0 = Debug|Any CPU
		{4CDE690F-1D7B-4015-B10F-4BA9D3028648}.AppStore|iPhone.ActiveCfg = Debug|Any CPU
		{4CDE690F-1D7B-4015-B10F-4BA9D3028648}.AppStore|iPhone.Build.0 = Debug|Any CPU
		{4CDE690F-1D7B-4015-B10F-4BA9D3028648}.AppStore|iPhone.Deploy.0 = Debug|Any CPU
		{4CDE690F-1D7B-4015-B10F-4BA9D3028648}.AppStore|iPhoneSimulator.ActiveCfg = Debug|Any CPU
		{4CDE690F-1D7B-4015-B10F-4BA9D3028648}.AppStore|iPhoneSimulator.Build.0 = Debug|Any CPU
		{4CDE690F-1D7B-4015-B10F-4BA9D3028648}.AppStore|iPhoneSimulator.Deploy.0 = Debug|Any CPU
		{4CDE690F-1D7B-4015-B10F-4BA9D3028648}.Debug|Any CPU.ActiveCfg = Debug|Any CPU
		{4CDE690F-1D7B-4015-B10F-4BA9D3028648}.Debug|Any CPU.Build.0 = Debug|Any CPU
		{4CDE690F-1D7B-4015-B10F-4BA9D3028648}.Debug|Any CPU.Deploy.0 = Debug|Any CPU
		{4CDE690F-1D7B-4015-B10F-4BA9D3028648}.Debug|iPhone.ActiveCfg = Debug|Any CPU
		{4CDE690F-1D7B-4015-B10F-4BA9D3028648}.Debug|iPhone.Build.0 = Debug|Any CPU
		{4CDE690F-1D7B-4015-B10F-4BA9D3028648}.Debug|iPhone.Deploy.0 = Debug|Any CPU
		{4CDE690F-1D7B-4015-B10F-4BA9D3028648}.Debug|iPhoneSimulator.ActiveCfg = Debug|Any CPU
		{4CDE690F-1D7B-4015-B10F-4BA9D3028648}.Debug|iPhoneSimulator.Build.0 = Debug|Any CPU
		{4CDE690F-1D7B-4015-B10F-4BA9D3028648}.Debug|iPhoneSimulator.Deploy.0 = Debug|Any CPU
		{4CDE690F-1D7B-4015-B10F-4BA9D3028648}.Release|Any CPU.ActiveCfg = Release|Any CPU
		{4CDE690F-1D7B-4015-B10F-4BA9D3028648}.Release|Any CPU.Build.0 = Release|Any CPU
		{4CDE690F-1D7B-4015-B10F-4BA9D3028648}.Release|Any CPU.Deploy.0 = Release|Any CPU
		{4CDE690F-1D7B-4015-B10F-4BA9D3028648}.Release|iPhone.ActiveCfg = Release|Any CPU
		{4CDE690F-1D7B-4015-B10F-4BA9D3028648}.Release|iPhone.Build.0 = Release|Any CPU
		{4CDE690F-1D7B-4015-B10F-4BA9D3028648}.Release|iPhone.Deploy.0 = Release|Any CPU
		{4CDE690F-1D7B-4015-B10F-4BA9D3028648}.Release|iPhoneSimulator.ActiveCfg = Release|Any CPU
		{4CDE690F-1D7B-4015-B10F-4BA9D3028648}.Release|iPhoneSimulator.Build.0 = Release|Any CPU
		{4CDE690F-1D7B-4015-B10F-4BA9D3028648}.Release|iPhoneSimulator.Deploy.0 = Release|Any CPU
	EndGlobalSection
	GlobalSection(SolutionProperties) = preSolution
		HideSolutionNode = FALSE
	EndGlobalSection
	GlobalSection(ExtensibilityGlobals) = postSolution
		SolutionGuid = {1C90A9DF-571A-47E4-BDC6-8161F393E7CD}
	EndGlobalSection
EndGlobal
